// !$*UTF8*$!
{
	archiveVersion = 1;
	classes = {
	};
	objectVersion = 56;
	objects = {

/* Begin PBXBuildFile section */
		9C005B5029D08DEA0019F9BE /* StoreKit.framework in Frameworks */ = {isa = PBXBuildFile; fileRef = 9C005B4F29D08DEA0019F9BE /* StoreKit.framework */; };
		9C057CF429B0ECAE00DA8920 /* ActivitiesView.swift in Sources */ = {isa = PBXBuildFile; fileRef = 9C057CF329B0ECAE00DA8920 /* ActivitiesView.swift */; };
		9C18C06F29BB6A04008084E2 /* SettingsView.swift in Sources */ = {isa = PBXBuildFile; fileRef = 9C18C06E29BB6A04008084E2 /* SettingsView.swift */; };
		9C18C07229BB6C5B008084E2 /* RegularMedicationsView.swift in Sources */ = {isa = PBXBuildFile; fileRef = 9C18C07129BB6C5B008084E2 /* RegularMedicationsView.swift */; };
		9C18C07829BB753C008084E2 /* MedicationLabelView.swift in Sources */ = {isa = PBXBuildFile; fileRef = 9C18C07729BB753C008084E2 /* MedicationLabelView.swift */; };
		9C18C07A29BB87E1008084E2 /* AddEditRegularMedsView.swift in Sources */ = {isa = PBXBuildFile; fileRef = 9C18C07929BB87E1008084E2 /* AddEditRegularMedsView.swift */; };
		9C1983AA29B73DD2007754AB /* MainView.swift in Sources */ = {isa = PBXBuildFile; fileRef = 9C1983A929B73DD2007754AB /* MainView.swift */; };
		9C1983AD29B7923D007754AB /* ClickedMedication.swift in Sources */ = {isa = PBXBuildFile; fileRef = 9C1983AC29B7923D007754AB /* ClickedMedication.swift */; };
		9C37EDF529D2E9DB0089DE2B /* NewAttackView.swift in Sources */ = {isa = PBXBuildFile; fileRef = 9C37EDF429D2E9DB0089DE2B /* NewAttackView.swift */; };
		9C45EE6029AE6626000EB6C2 /* AttackView.swift in Sources */ = {isa = PBXBuildFile; fileRef = 9C45EE5F29AE6626000EB6C2 /* AttackView.swift */; };
		9C45EE6229AE662E000EB6C2 /* CalendarView.swift in Sources */ = {isa = PBXBuildFile; fileRef = 9C45EE6129AE662E000EB6C2 /* CalendarView.swift */; };
		9C4891FB29D1802000E1CD42 /* LoadingView.swift in Sources */ = {isa = PBXBuildFile; fileRef = 9C4891FA29D1802000E1CD42 /* LoadingView.swift */; };
		9C4891FD29D184D300E1CD42 /* LoadingBars.swift in Sources */ = {isa = PBXBuildFile; fileRef = 9C4891FC29D184D300E1CD42 /* LoadingBars.swift */; };
		9C48B26D29DD6C7400EBC9BC /* MedicationHistoryView.swift in Sources */ = {isa = PBXBuildFile; fileRef = 9C48B26C29DD6C7400EBC9BC /* MedicationHistoryView.swift */; };
		9C48B27029DD720C00EBC9BC /* MedHistory+CoreDataClass.swift in Sources */ = {isa = PBXBuildFile; fileRef = 9C48B26E29DD720C00EBC9BC /* MedHistory+CoreDataClass.swift */; };
		9C48B27129DD720C00EBC9BC /* MedHistory+CoreDataProperties.swift in Sources */ = {isa = PBXBuildFile; fileRef = 9C48B26F29DD720C00EBC9BC /* MedHistory+CoreDataProperties.swift */; };
		9C4A398F29DD7FEE00C9EDA1 /* NewMedHistoryView.swift in Sources */ = {isa = PBXBuildFile; fileRef = 9C4A398E29DD7FEE00C9EDA1 /* NewMedHistoryView.swift */; };
		9C4A399129DD80A300C9EDA1 /* AddEditMedHistoryView.swift in Sources */ = {isa = PBXBuildFile; fileRef = 9C4A399029DD80A300C9EDA1 /* AddEditMedHistoryView.swift */; };
		9C4A399329DDA16900C9EDA1 /* MedicationSideEffectsView.swift in Sources */ = {isa = PBXBuildFile; fileRef = 9C4A399229DDA16900C9EDA1 /* MedicationSideEffectsView.swift */; };
		9C66875C29DC645C00AABD58 /* StoreModel.swift in Sources */ = {isa = PBXBuildFile; fileRef = 9C66875B29DC645C00AABD58 /* StoreModel.swift */; };
		9C682CEB29B3962D00032874 /* Extensions.swift in Sources */ = {isa = PBXBuildFile; fileRef = 9C682CEA29B3962D00032874 /* Extensions.swift */; };
		9C682CED29B3B96C00032874 /* Enums.swift in Sources */ = {isa = PBXBuildFile; fileRef = 9C682CEC29B3B96C00032874 /* Enums.swift */; };
		9C96928029B497520023A00C /* MultiSelectionView.swift in Sources */ = {isa = PBXBuildFile; fileRef = 9C96927F29B497520023A00C /* MultiSelectionView.swift */; };
		9C96928329B4ADB80023A00C /* MultiSelector.swift in Sources */ = {isa = PBXBuildFile; fileRef = 9C96928229B4ADB80023A00C /* MultiSelector.swift */; };
		9C98449A29B5E3C600ABDC36 /* Globals.swift in Sources */ = {isa = PBXBuildFile; fileRef = 9C98449929B5E3C600ABDC36 /* Globals.swift */; };
		9C98449C29B5F3E300ABDC36 /* NotesView.swift in Sources */ = {isa = PBXBuildFile; fileRef = 9C98449B29B5F3E300ABDC36 /* NotesView.swift */; };
		9C98449E29B5FC9F00ABDC36 /* DoctorNotesView.swift in Sources */ = {isa = PBXBuildFile; fileRef = 9C98449D29B5FC9F00ABDC36 /* DoctorNotesView.swift */; };
		9CA81F0C29C74DD200EDBCEF /* CustomSymptomsView.swift in Sources */ = {isa = PBXBuildFile; fileRef = 9CA81F0B29C74DD200EDBCEF /* CustomSymptomsView.swift */; };
		9CA81F0E29C7755D00EDBCEF /* ActivityColorsView.swift in Sources */ = {isa = PBXBuildFile; fileRef = 9CA81F0D29C7755D00EDBCEF /* ActivityColorsView.swift */; };
		9CBBB41C29DF25A5007E933B /* MedHistoryNotesView.swift in Sources */ = {isa = PBXBuildFile; fileRef = 9CBBB41B29DF25A5007E933B /* MedHistoryNotesView.swift */; };
		9CC2582029BDC36C00E55949 /* StatsHelper.swift in Sources */ = {isa = PBXBuildFile; fileRef = 9CC2581F29BDC36C00E55949 /* StatsHelper.swift */; };
		9CC529CE29BCBEA500DD5491 /* StatsView.swift in Sources */ = {isa = PBXBuildFile; fileRef = 9CC529CD29BCBEA500DD5491 /* StatsView.swift */; };
		9CC529D029BD02FD00DD5491 /* PreviouslyTakenMedsView.swift in Sources */ = {isa = PBXBuildFile; fileRef = 9CC529CF29BD02FD00DD5491 /* PreviouslyTakenMedsView.swift */; };
		9CD317C429D8988900F88EB1 /* NewNoteView.swift in Sources */ = {isa = PBXBuildFile; fileRef = 9CD317C329D8988900F88EB1 /* NewNoteView.swift */; };
		9CD3DC0B29CDBD0F004B86E8 /* PieChart.swift in Sources */ = {isa = PBXBuildFile; fileRef = 9CD3DC0A29CDBD0F004B86E8 /* PieChart.swift */; };
		9CD3DC0D29CDBDA8004B86E8 /* PieSlice.swift in Sources */ = {isa = PBXBuildFile; fileRef = 9CD3DC0C29CDBDA8004B86E8 /* PieSlice.swift */; };
		9CE8294F29D5968500010142 /* JSONDocument.swift in Sources */ = {isa = PBXBuildFile; fileRef = 9CE8294E29D5968500010142 /* JSONDocument.swift */; };
		9CEAA3C829B535D600240952 /* MedicationView.swift in Sources */ = {isa = PBXBuildFile; fileRef = 9CEAA3C729B535D600240952 /* MedicationView.swift */; };
		9CEAA3CA29B53A5C00240952 /* AddEditMedicationView.swift in Sources */ = {isa = PBXBuildFile; fileRef = 9CEAA3C929B53A5C00240952 /* AddEditMedicationView.swift */; };
		9CF7308029ACD93800D91F99 /* HeadacheCompanionApp.swift in Sources */ = {isa = PBXBuildFile; fileRef = 9CF7307F29ACD93800D91F99 /* HeadacheCompanionApp.swift */; };
		9CF7308229ACD93800D91F99 /* Persistence.swift in Sources */ = {isa = PBXBuildFile; fileRef = 9CF7308129ACD93800D91F99 /* Persistence.swift */; };
		9CF7308729ACD93800D91F99 /* ContentView.swift in Sources */ = {isa = PBXBuildFile; fileRef = 9CF7308629ACD93800D91F99 /* ContentView.swift */; };
		9CF7308929ACD93800D91F99 /* Assets.xcassets in Resources */ = {isa = PBXBuildFile; fileRef = 9CF7308829ACD93800D91F99 /* Assets.xcassets */; };
		9CF7308D29ACD93800D91F99 /* Preview Assets.xcassets in Resources */ = {isa = PBXBuildFile; fileRef = 9CF7308C29ACD93800D91F99 /* Preview Assets.xcassets */; };
		9CFCECD129D07447001656B5 /* HeadacheCompanion.xcdatamodeld in Sources */ = {isa = PBXBuildFile; fileRef = 9CFCECCF29D07447001656B5 /* HeadacheCompanion.xcdatamodeld */; };
		9CFCECDA29D076E3001656B5 /* Medication+CoreDataClass.swift in Sources */ = {isa = PBXBuildFile; fileRef = 9CFCECD229D076E3001656B5 /* Medication+CoreDataClass.swift */; };
		9CFCECDB29D076E3001656B5 /* Medication+CoreDataProperties.swift in Sources */ = {isa = PBXBuildFile; fileRef = 9CFCECD329D076E3001656B5 /* Medication+CoreDataProperties.swift */; };
		9CFCECDC29D076E3001656B5 /* DayData+CoreDataClass.swift in Sources */ = {isa = PBXBuildFile; fileRef = 9CFCECD429D076E3001656B5 /* DayData+CoreDataClass.swift */; };
		9CFCECDD29D076E3001656B5 /* DayData+CoreDataProperties.swift in Sources */ = {isa = PBXBuildFile; fileRef = 9CFCECD529D076E3001656B5 /* DayData+CoreDataProperties.swift */; };
		9CFCECDE29D076E3001656B5 /* Attack+CoreDataClass.swift in Sources */ = {isa = PBXBuildFile; fileRef = 9CFCECD629D076E3001656B5 /* Attack+CoreDataClass.swift */; };
		9CFCECDF29D076E3001656B5 /* Attack+CoreDataProperties.swift in Sources */ = {isa = PBXBuildFile; fileRef = 9CFCECD729D076E3001656B5 /* Attack+CoreDataProperties.swift */; };
		9CFCECE029D076E3001656B5 /* MAppData+CoreDataClass.swift in Sources */ = {isa = PBXBuildFile; fileRef = 9CFCECD829D076E3001656B5 /* MAppData+CoreDataClass.swift */; };
		9CFCECE129D076E3001656B5 /* MAppData+CoreDataProperties.swift in Sources */ = {isa = PBXBuildFile; fileRef = 9CFCECD929D076E3001656B5 /* MAppData+CoreDataProperties.swift */; };
/* End PBXBuildFile section */

/* Begin PBXFileReference section */
		9C005B4F29D08DEA0019F9BE /* StoreKit.framework */ = {isa = PBXFileReference; lastKnownFileType = wrapper.framework; name = StoreKit.framework; path = System/Library/Frameworks/StoreKit.framework; sourceTree = SDKROOT; };
		9C057CF329B0ECAE00DA8920 /* ActivitiesView.swift */ = {isa = PBXFileReference; lastKnownFileType = sourcecode.swift; path = ActivitiesView.swift; sourceTree = "<group>"; };
		9C18C06E29BB6A04008084E2 /* SettingsView.swift */ = {isa = PBXFileReference; lastKnownFileType = sourcecode.swift; path = SettingsView.swift; sourceTree = "<group>"; };
		9C18C07129BB6C5B008084E2 /* RegularMedicationsView.swift */ = {isa = PBXFileReference; lastKnownFileType = sourcecode.swift; path = RegularMedicationsView.swift; sourceTree = "<group>"; };
		9C18C07729BB753C008084E2 /* MedicationLabelView.swift */ = {isa = PBXFileReference; lastKnownFileType = sourcecode.swift; path = MedicationLabelView.swift; sourceTree = "<group>"; };
		9C18C07929BB87E1008084E2 /* AddEditRegularMedsView.swift */ = {isa = PBXFileReference; lastKnownFileType = sourcecode.swift; path = AddEditRegularMedsView.swift; sourceTree = "<group>"; };
		9C1983A929B73DD2007754AB /* MainView.swift */ = {isa = PBXFileReference; lastKnownFileType = sourcecode.swift; path = MainView.swift; sourceTree = "<group>"; };
		9C1983AC29B7923D007754AB /* ClickedMedication.swift */ = {isa = PBXFileReference; lastKnownFileType = sourcecode.swift; path = ClickedMedication.swift; sourceTree = "<group>"; };
		9C37EDF429D2E9DB0089DE2B /* NewAttackView.swift */ = {isa = PBXFileReference; lastKnownFileType = sourcecode.swift; path = NewAttackView.swift; sourceTree = "<group>"; };
		9C45EE5F29AE6626000EB6C2 /* AttackView.swift */ = {isa = PBXFileReference; lastKnownFileType = sourcecode.swift; path = AttackView.swift; sourceTree = "<group>"; };
		9C45EE6129AE662E000EB6C2 /* CalendarView.swift */ = {isa = PBXFileReference; lastKnownFileType = sourcecode.swift; path = CalendarView.swift; sourceTree = "<group>"; };
		9C4891FA29D1802000E1CD42 /* LoadingView.swift */ = {isa = PBXFileReference; lastKnownFileType = sourcecode.swift; path = LoadingView.swift; sourceTree = "<group>"; };
		9C4891FC29D184D300E1CD42 /* LoadingBars.swift */ = {isa = PBXFileReference; lastKnownFileType = sourcecode.swift; path = LoadingBars.swift; sourceTree = "<group>"; };
		9C48B26C29DD6C7400EBC9BC /* MedicationHistoryView.swift */ = {isa = PBXFileReference; lastKnownFileType = sourcecode.swift; path = MedicationHistoryView.swift; sourceTree = "<group>"; };
		9C48B26E29DD720C00EBC9BC /* MedHistory+CoreDataClass.swift */ = {isa = PBXFileReference; lastKnownFileType = sourcecode.swift; path = "MedHistory+CoreDataClass.swift"; sourceTree = "<group>"; };
		9C48B26F29DD720C00EBC9BC /* MedHistory+CoreDataProperties.swift */ = {isa = PBXFileReference; lastKnownFileType = sourcecode.swift; path = "MedHistory+CoreDataProperties.swift"; sourceTree = "<group>"; };
		9C4A398E29DD7FEE00C9EDA1 /* NewMedHistoryView.swift */ = {isa = PBXFileReference; lastKnownFileType = sourcecode.swift; path = NewMedHistoryView.swift; sourceTree = "<group>"; };
		9C4A399029DD80A300C9EDA1 /* AddEditMedHistoryView.swift */ = {isa = PBXFileReference; lastKnownFileType = sourcecode.swift; path = AddEditMedHistoryView.swift; sourceTree = "<group>"; };
		9C4A399229DDA16900C9EDA1 /* MedicationSideEffectsView.swift */ = {isa = PBXFileReference; lastKnownFileType = sourcecode.swift; path = MedicationSideEffectsView.swift; sourceTree = "<group>"; };
		9C66875A29DC641400AABD58 /* Configuration.storekit */ = {isa = PBXFileReference; lastKnownFileType = text; path = Configuration.storekit; sourceTree = "<group>"; };
		9C66875B29DC645C00AABD58 /* StoreModel.swift */ = {isa = PBXFileReference; lastKnownFileType = sourcecode.swift; path = StoreModel.swift; sourceTree = "<group>"; };
		9C682CEA29B3962D00032874 /* Extensions.swift */ = {isa = PBXFileReference; lastKnownFileType = sourcecode.swift; path = Extensions.swift; sourceTree = "<group>"; };
		9C682CEC29B3B96C00032874 /* Enums.swift */ = {isa = PBXFileReference; lastKnownFileType = sourcecode.swift; path = Enums.swift; sourceTree = "<group>"; };
		9C96927F29B497520023A00C /* MultiSelectionView.swift */ = {isa = PBXFileReference; lastKnownFileType = sourcecode.swift; path = MultiSelectionView.swift; sourceTree = "<group>"; };
		9C96928229B4ADB80023A00C /* MultiSelector.swift */ = {isa = PBXFileReference; lastKnownFileType = sourcecode.swift; path = MultiSelector.swift; sourceTree = "<group>"; };
		9C98449929B5E3C600ABDC36 /* Globals.swift */ = {isa = PBXFileReference; lastKnownFileType = sourcecode.swift; path = Globals.swift; sourceTree = "<group>"; };
		9C98449B29B5F3E300ABDC36 /* NotesView.swift */ = {isa = PBXFileReference; lastKnownFileType = sourcecode.swift; path = NotesView.swift; sourceTree = "<group>"; };
		9C98449D29B5FC9F00ABDC36 /* DoctorNotesView.swift */ = {isa = PBXFileReference; lastKnownFileType = sourcecode.swift; path = DoctorNotesView.swift; sourceTree = "<group>"; };
		9CA81F0B29C74DD200EDBCEF /* CustomSymptomsView.swift */ = {isa = PBXFileReference; lastKnownFileType = sourcecode.swift; path = CustomSymptomsView.swift; sourceTree = "<group>"; };
		9CA81F0D29C7755D00EDBCEF /* ActivityColorsView.swift */ = {isa = PBXFileReference; lastKnownFileType = sourcecode.swift; path = ActivityColorsView.swift; sourceTree = "<group>"; };
		9CBBB41B29DF25A5007E933B /* MedHistoryNotesView.swift */ = {isa = PBXFileReference; lastKnownFileType = sourcecode.swift; path = MedHistoryNotesView.swift; sourceTree = "<group>"; };
		9CC2581F29BDC36C00E55949 /* StatsHelper.swift */ = {isa = PBXFileReference; lastKnownFileType = sourcecode.swift; path = StatsHelper.swift; sourceTree = "<group>"; };
		9CC529CD29BCBEA500DD5491 /* StatsView.swift */ = {isa = PBXFileReference; lastKnownFileType = sourcecode.swift; path = StatsView.swift; sourceTree = "<group>"; };
		9CC529CF29BD02FD00DD5491 /* PreviouslyTakenMedsView.swift */ = {isa = PBXFileReference; lastKnownFileType = sourcecode.swift; path = PreviouslyTakenMedsView.swift; sourceTree = "<group>"; };
		9CD317C329D8988900F88EB1 /* NewNoteView.swift */ = {isa = PBXFileReference; lastKnownFileType = sourcecode.swift; path = NewNoteView.swift; sourceTree = "<group>"; };
		9CD3DC0A29CDBD0F004B86E8 /* PieChart.swift */ = {isa = PBXFileReference; lastKnownFileType = sourcecode.swift; path = PieChart.swift; sourceTree = "<group>"; };
		9CD3DC0C29CDBDA8004B86E8 /* PieSlice.swift */ = {isa = PBXFileReference; lastKnownFileType = sourcecode.swift; path = PieSlice.swift; sourceTree = "<group>"; };
		9CE8294E29D5968500010142 /* JSONDocument.swift */ = {isa = PBXFileReference; lastKnownFileType = sourcecode.swift; path = JSONDocument.swift; sourceTree = "<group>"; };
		9CEAA3C729B535D600240952 /* MedicationView.swift */ = {isa = PBXFileReference; lastKnownFileType = sourcecode.swift; path = MedicationView.swift; sourceTree = "<group>"; };
		9CEAA3C929B53A5C00240952 /* AddEditMedicationView.swift */ = {isa = PBXFileReference; lastKnownFileType = sourcecode.swift; path = AddEditMedicationView.swift; sourceTree = "<group>"; };
		9CF7307C29ACD93800D91F99 /* Headache Companion.app */ = {isa = PBXFileReference; explicitFileType = wrapper.application; includeInIndex = 0; path = "Headache Companion.app"; sourceTree = BUILT_PRODUCTS_DIR; };
		9CF7307F29ACD93800D91F99 /* HeadacheCompanionApp.swift */ = {isa = PBXFileReference; lastKnownFileType = sourcecode.swift; path = HeadacheCompanionApp.swift; sourceTree = "<group>"; };
		9CF7308129ACD93800D91F99 /* Persistence.swift */ = {isa = PBXFileReference; lastKnownFileType = sourcecode.swift; path = Persistence.swift; sourceTree = "<group>"; };
		9CF7308629ACD93800D91F99 /* ContentView.swift */ = {isa = PBXFileReference; lastKnownFileType = sourcecode.swift; path = ContentView.swift; sourceTree = "<group>"; };
		9CF7308829ACD93800D91F99 /* Assets.xcassets */ = {isa = PBXFileReference; lastKnownFileType = folder.assetcatalog; path = Assets.xcassets; sourceTree = "<group>"; };
		9CF7308A29ACD93800D91F99 /* HeadacheCompanion.entitlements */ = {isa = PBXFileReference; lastKnownFileType = text.plist.entitlements; path = HeadacheCompanion.entitlements; sourceTree = "<group>"; };
		9CF7308C29ACD93800D91F99 /* Preview Assets.xcassets */ = {isa = PBXFileReference; lastKnownFileType = folder.assetcatalog; path = "Preview Assets.xcassets"; sourceTree = "<group>"; };
		9CFCECD029D07447001656B5 /* HeadacheCompanion.xcdatamodel */ = {isa = PBXFileReference; lastKnownFileType = wrapper.xcdatamodel; path = HeadacheCompanion.xcdatamodel; sourceTree = "<group>"; };
		9CFCECD229D076E3001656B5 /* Medication+CoreDataClass.swift */ = {isa = PBXFileReference; lastKnownFileType = sourcecode.swift; path = "Medication+CoreDataClass.swift"; sourceTree = "<group>"; };
		9CFCECD329D076E3001656B5 /* Medication+CoreDataProperties.swift */ = {isa = PBXFileReference; lastKnownFileType = sourcecode.swift; path = "Medication+CoreDataProperties.swift"; sourceTree = "<group>"; };
		9CFCECD429D076E3001656B5 /* DayData+CoreDataClass.swift */ = {isa = PBXFileReference; lastKnownFileType = sourcecode.swift; path = "DayData+CoreDataClass.swift"; sourceTree = "<group>"; };
		9CFCECD529D076E3001656B5 /* DayData+CoreDataProperties.swift */ = {isa = PBXFileReference; lastKnownFileType = sourcecode.swift; path = "DayData+CoreDataProperties.swift"; sourceTree = "<group>"; };
		9CFCECD629D076E3001656B5 /* Attack+CoreDataClass.swift */ = {isa = PBXFileReference; lastKnownFileType = sourcecode.swift; path = "Attack+CoreDataClass.swift"; sourceTree = "<group>"; };
		9CFCECD729D076E3001656B5 /* Attack+CoreDataProperties.swift */ = {isa = PBXFileReference; lastKnownFileType = sourcecode.swift; path = "Attack+CoreDataProperties.swift"; sourceTree = "<group>"; };
		9CFCECD829D076E3001656B5 /* MAppData+CoreDataClass.swift */ = {isa = PBXFileReference; lastKnownFileType = sourcecode.swift; path = "MAppData+CoreDataClass.swift"; sourceTree = "<group>"; };
		9CFCECD929D076E3001656B5 /* MAppData+CoreDataProperties.swift */ = {isa = PBXFileReference; lastKnownFileType = sourcecode.swift; path = "MAppData+CoreDataProperties.swift"; sourceTree = "<group>"; };
		9CFCECE229D08248001656B5 /* Headache-Companion-Info.plist */ = {isa = PBXFileReference; lastKnownFileType = text.plist.xml; path = "Headache-Companion-Info.plist"; sourceTree = SOURCE_ROOT; };
/* End PBXFileReference section */

/* Begin PBXFrameworksBuildPhase section */
		9CF7307929ACD93700D91F99 /* Frameworks */ = {
			isa = PBXFrameworksBuildPhase;
			buildActionMask = 2147483647;
			files = (
				9C005B5029D08DEA0019F9BE /* StoreKit.framework in Frameworks */,
			);
			runOnlyForDeploymentPostprocessing = 0;
		};
/* End PBXFrameworksBuildPhase section */

/* Begin PBXGroup section */
		9C005B4E29D08DEA0019F9BE /* Frameworks */ = {
			isa = PBXGroup;
			children = (
				9C005B4F29D08DEA0019F9BE /* StoreKit.framework */,
			);
			name = Frameworks;
			sourceTree = "<group>";
		};
		9C18C07029BB6BF1008084E2 /* SettingsViews */ = {
			isa = PBXGroup;
			children = (
				9C18C07129BB6C5B008084E2 /* RegularMedicationsView.swift */,
				9C18C07929BB87E1008084E2 /* AddEditRegularMedsView.swift */,
				9CA81F0B29C74DD200EDBCEF /* CustomSymptomsView.swift */,
				9CA81F0D29C7755D00EDBCEF /* ActivityColorsView.swift */,
			);
			path = SettingsViews;
			sourceTree = "<group>";
		};
		9C1983AB29B79210007754AB /* Objects */ = {
			isa = PBXGroup;
			children = (
				9C1983AC29B7923D007754AB /* ClickedMedication.swift */,
				9CE8294E29D5968500010142 /* JSONDocument.swift */,
			);
			path = Objects;
			sourceTree = "<group>";
		};
		9C45EE5B29AE5E04000EB6C2 /* Views */ = {
			isa = PBXGroup;
			children = (
				9C9F0DC929E2BBF00049F429 /* Medication */,
				9CBE455329E2093000723A01 /* Overviews */,
				9C89471029DEFC3F000E0606 /* MedHistory */,
				9C057CF329B0ECAE00DA8920 /* ActivitiesView.swift */,
				9C45EE5F29AE6626000EB6C2 /* AttackView.swift */,
				9C45EE6129AE662E000EB6C2 /* CalendarView.swift */,
				9C98449D29B5FC9F00ABDC36 /* DoctorNotesView.swift */,
				9CF7308629ACD93800D91F99 /* ContentView.swift */,
				9C98449B29B5F3E300ABDC36 /* NotesView.swift */,
				9C18C06E29BB6A04008084E2 /* SettingsView.swift */,
				9CC529CD29BCBEA500DD5491 /* StatsView.swift */,
				9C37EDF429D2E9DB0089DE2B /* NewAttackView.swift */,
				9CD317C329D8988900F88EB1 /* NewNoteView.swift */,
			);
			path = Views;
			sourceTree = "<group>";
		};
		9C66875929DC637E00AABD58 /* Store */ = {
			isa = PBXGroup;
			children = (
				9C66875A29DC641400AABD58 /* Configuration.storekit */,
				9C66875B29DC645C00AABD58 /* StoreModel.swift */,
			);
			path = Store;
			sourceTree = "<group>";
		};
		9C86238C29AE8CA0006DA6C6 /* DataEntities */ = {
			isa = PBXGroup;
			children = (
				9C48B26E29DD720C00EBC9BC /* MedHistory+CoreDataClass.swift */,
				9C48B26F29DD720C00EBC9BC /* MedHistory+CoreDataProperties.swift */,
				9CFCECD229D076E3001656B5 /* Medication+CoreDataClass.swift */,
				9CFCECD329D076E3001656B5 /* Medication+CoreDataProperties.swift */,
				9CFCECD429D076E3001656B5 /* DayData+CoreDataClass.swift */,
				9CFCECD529D076E3001656B5 /* DayData+CoreDataProperties.swift */,
				9CFCECD629D076E3001656B5 /* Attack+CoreDataClass.swift */,
				9CFCECD729D076E3001656B5 /* Attack+CoreDataProperties.swift */,
				9CFCECD829D076E3001656B5 /* MAppData+CoreDataClass.swift */,
				9CFCECD929D076E3001656B5 /* MAppData+CoreDataProperties.swift */,
			);
			path = DataEntities;
			sourceTree = "<group>";
		};
		9C89471029DEFC3F000E0606 /* MedHistory */ = {
			isa = PBXGroup;
			children = (
				9C48B26C29DD6C7400EBC9BC /* MedicationHistoryView.swift */,
				9C4A398E29DD7FEE00C9EDA1 /* NewMedHistoryView.swift */,
				9C4A399029DD80A300C9EDA1 /* AddEditMedHistoryView.swift */,
				9C4A399229DDA16900C9EDA1 /* MedicationSideEffectsView.swift */,
				9CBBB41B29DF25A5007E933B /* MedHistoryNotesView.swift */,
			);
			path = MedHistory;
			sourceTree = "<group>";
		};
		9C89471129DEFC69000E0606 /* MultiSelector */ = {
			isa = PBXGroup;
			children = (
				9C96928229B4ADB80023A00C /* MultiSelector.swift */,
				9C96927F29B497520023A00C /* MultiSelectionView.swift */,
			);
			path = MultiSelector;
			sourceTree = "<group>";
		};
		9C89471229DEFC78000E0606 /* PieChart */ = {
			isa = PBXGroup;
			children = (
				9CD3DC0A29CDBD0F004B86E8 /* PieChart.swift */,
				9CD3DC0C29CDBDA8004B86E8 /* PieSlice.swift */,
			);
			path = PieChart;
			sourceTree = "<group>";
		};
		9C96928129B4ADA70023A00C /* Widgets */ = {
			isa = PBXGroup;
			children = (
				9C89471229DEFC78000E0606 /* PieChart */,
				9C89471129DEFC69000E0606 /* MultiSelector */,
				9C4891FC29D184D300E1CD42 /* LoadingBars.swift */,
			);
			path = Widgets;
			sourceTree = "<group>";
		};
		9C98B22629B8A784000816A9 /* Globals */ = {
			isa = PBXGroup;
			children = (
				9C682CEC29B3B96C00032874 /* Enums.swift */,
				9C682CEA29B3962D00032874 /* Extensions.swift */,
				9C98449929B5E3C600ABDC36 /* Globals.swift */,
			);
			path = Globals;
			sourceTree = "<group>";
		};
		9C9F0DC929E2BBF00049F429 /* Medication */ = {
			isa = PBXGroup;
			children = (
				9CEAA3C929B53A5C00240952 /* AddEditMedicationView.swift */,
				9CEAA3C729B535D600240952 /* MedicationView.swift */,
				9C18C07729BB753C008084E2 /* MedicationLabelView.swift */,
				9CC529CF29BD02FD00DD5491 /* PreviouslyTakenMedsView.swift */,
			);
			path = Medication;
			sourceTree = "<group>";
		};
		9CBE455329E2093000723A01 /* Overviews */ = {
			isa = PBXGroup;
			children = (
				9C4891FA29D1802000E1CD42 /* LoadingView.swift */,
				9C1983A929B73DD2007754AB /* MainView.swift */,
			);
			path = Overviews;
			sourceTree = "<group>";
		};
		9CC2581E29BDC35300E55949 /* Helpers */ = {
			isa = PBXGroup;
			children = (
				9CC2581F29BDC36C00E55949 /* StatsHelper.swift */,
			);
			path = Helpers;
			sourceTree = "<group>";
		};
		9CF7307329ACD93700D91F99 = {
			isa = PBXGroup;
			children = (
				9CF7307E29ACD93800D91F99 /* Headache Companion */,
				9CF7307D29ACD93800D91F99 /* Products */,
				9C005B4E29D08DEA0019F9BE /* Frameworks */,
			);
			sourceTree = "<group>";
		};
		9CF7307D29ACD93800D91F99 /* Products */ = {
			isa = PBXGroup;
			children = (
				9CF7307C29ACD93800D91F99 /* Headache Companion.app */,
			);
			name = Products;
			sourceTree = "<group>";
		};
		9CF7307E29ACD93800D91F99 /* Headache Companion */ = {
			isa = PBXGroup;
			children = (
				9C66875929DC637E00AABD58 /* Store */,
				9CFCECE229D08248001656B5 /* Headache-Companion-Info.plist */,
				9CC2581E29BDC35300E55949 /* Helpers */,
				9CF7308829ACD93800D91F99 /* Assets.xcassets */,
				9C86238C29AE8CA0006DA6C6 /* DataEntities */,
				9C98B22629B8A784000816A9 /* Globals */,
				9CF7308A29ACD93800D91F99 /* HeadacheCompanion.entitlements */,
				9CF7307F29ACD93800D91F99 /* HeadacheCompanionApp.swift */,
				9C1983AB29B79210007754AB /* Objects */,
				9CF7308129ACD93800D91F99 /* Persistence.swift */,
				9CF7308B29ACD93800D91F99 /* Preview Content */,
				9C18C07029BB6BF1008084E2 /* SettingsViews */,
				9C45EE5B29AE5E04000EB6C2 /* Views */,
				9C96928129B4ADA70023A00C /* Widgets */,
				9CFCECCF29D07447001656B5 /* HeadacheCompanion.xcdatamodeld */,
			);
			path = "Headache Companion";
			sourceTree = "<group>";
		};
		9CF7308B29ACD93800D91F99 /* Preview Content */ = {
			isa = PBXGroup;
			children = (
				9CF7308C29ACD93800D91F99 /* Preview Assets.xcassets */,
			);
			path = "Preview Content";
			sourceTree = "<group>";
		};
/* End PBXGroup section */

/* Begin PBXNativeTarget section */
		9CF7307B29ACD93700D91F99 /* Headache Companion */ = {
			isa = PBXNativeTarget;
			buildConfigurationList = 9CF7309029ACD93800D91F99 /* Build configuration list for PBXNativeTarget "Headache Companion" */;
			buildPhases = (
				9CF7307829ACD93700D91F99 /* Sources */,
				9CF7307929ACD93700D91F99 /* Frameworks */,
				9CF7307A29ACD93700D91F99 /* Resources */,
			);
			buildRules = (
			);
			dependencies = (
			);
			name = "Headache Companion";
			packageProductDependencies = (
			);
			productName = Migraine;
			productReference = 9CF7307C29ACD93800D91F99 /* Headache Companion.app */;
			productType = "com.apple.product-type.application";
		};
/* End PBXNativeTarget section */

/* Begin PBXProject section */
		9CF7307429ACD93700D91F99 /* Project object */ = {
			isa = PBXProject;
			attributes = {
				BuildIndependentTargetsInParallel = 1;
				LastSwiftUpdateCheck = 1420;
				LastUpgradeCheck = 1430;
				TargetAttributes = {
					9CF7307B29ACD93700D91F99 = {
						CreatedOnToolsVersion = 14.2;
					};
				};
			};
			buildConfigurationList = 9CF7307729ACD93700D91F99 /* Build configuration list for PBXProject "Headache Companion" */;
			compatibilityVersion = "Xcode 14.0";
			developmentRegion = en;
			hasScannedForEncodings = 0;
			knownRegions = (
				en,
				Base,
			);
			mainGroup = 9CF7307329ACD93700D91F99;
			packageReferences = (
			);
			productRefGroup = 9CF7307D29ACD93800D91F99 /* Products */;
			projectDirPath = "";
			projectRoot = "";
			targets = (
				9CF7307B29ACD93700D91F99 /* Headache Companion */,
			);
		};
/* End PBXProject section */

/* Begin PBXResourcesBuildPhase section */
		9CF7307A29ACD93700D91F99 /* Resources */ = {
			isa = PBXResourcesBuildPhase;
			buildActionMask = 2147483647;
			files = (
				9CF7308D29ACD93800D91F99 /* Preview Assets.xcassets in Resources */,
				9CF7308929ACD93800D91F99 /* Assets.xcassets in Resources */,
			);
			runOnlyForDeploymentPostprocessing = 0;
		};
/* End PBXResourcesBuildPhase section */

/* Begin PBXSourcesBuildPhase section */
		9CF7307829ACD93700D91F99 /* Sources */ = {
			isa = PBXSourcesBuildPhase;
			buildActionMask = 2147483647;
			files = (
				9CEAA3CA29B53A5C00240952 /* AddEditMedicationView.swift in Sources */,
				9C18C07229BB6C5B008084E2 /* RegularMedicationsView.swift in Sources */,
				9C48B27029DD720C00EBC9BC /* MedHistory+CoreDataClass.swift in Sources */,
				9CFCECDF29D076E3001656B5 /* Attack+CoreDataProperties.swift in Sources */,
				9C4A399329DDA16900C9EDA1 /* MedicationSideEffectsView.swift in Sources */,
				9C45EE6029AE6626000EB6C2 /* AttackView.swift in Sources */,
				9CFCECDB29D076E3001656B5 /* Medication+CoreDataProperties.swift in Sources */,
				9C45EE6229AE662E000EB6C2 /* CalendarView.swift in Sources */,
				9C057CF429B0ECAE00DA8920 /* ActivitiesView.swift in Sources */,
				9CD3DC0B29CDBD0F004B86E8 /* PieChart.swift in Sources */,
				9CFCECDE29D076E3001656B5 /* Attack+CoreDataClass.swift in Sources */,
				9C98449A29B5E3C600ABDC36 /* Globals.swift in Sources */,
				9C4891FD29D184D300E1CD42 /* LoadingBars.swift in Sources */,
				9C37EDF529D2E9DB0089DE2B /* NewAttackView.swift in Sources */,
				9CEAA3C829B535D600240952 /* MedicationView.swift in Sources */,
				9C682CED29B3B96C00032874 /* Enums.swift in Sources */,
				9CF7308029ACD93800D91F99 /* HeadacheCompanionApp.swift in Sources */,
				9C98449E29B5FC9F00ABDC36 /* DoctorNotesView.swift in Sources */,
				9CBBB41C29DF25A5007E933B /* MedHistoryNotesView.swift in Sources */,
				9CC2582029BDC36C00E55949 /* StatsHelper.swift in Sources */,
				9CFCECDA29D076E3001656B5 /* Medication+CoreDataClass.swift in Sources */,
				9CFCECE129D076E3001656B5 /* MAppData+CoreDataProperties.swift in Sources */,
				9CE8294F29D5968500010142 /* JSONDocument.swift in Sources */,
				9C4891FB29D1802000E1CD42 /* LoadingView.swift in Sources */,
				9C96928329B4ADB80023A00C /* MultiSelector.swift in Sources */,
				9CFCECDD29D076E3001656B5 /* DayData+CoreDataProperties.swift in Sources */,
				9C4A399129DD80A300C9EDA1 /* AddEditMedHistoryView.swift in Sources */,
				9CA81F0E29C7755D00EDBCEF /* ActivityColorsView.swift in Sources */,
				9CFCECE029D076E3001656B5 /* MAppData+CoreDataClass.swift in Sources */,
				9C18C06F29BB6A04008084E2 /* SettingsView.swift in Sources */,
				9CC529D029BD02FD00DD5491 /* PreviouslyTakenMedsView.swift in Sources */,
				9CFCECDC29D076E3001656B5 /* DayData+CoreDataClass.swift in Sources */,
				9C48B26D29DD6C7400EBC9BC /* MedicationHistoryView.swift in Sources */,
				9CA81F0C29C74DD200EDBCEF /* CustomSymptomsView.swift in Sources */,
				9C98449C29B5F3E300ABDC36 /* NotesView.swift in Sources */,
				9CF7308229ACD93800D91F99 /* Persistence.swift in Sources */,
				9C48B27129DD720C00EBC9BC /* MedHistory+CoreDataProperties.swift in Sources */,
				9CD317C429D8988900F88EB1 /* NewNoteView.swift in Sources */,
				9CD3DC0D29CDBDA8004B86E8 /* PieSlice.swift in Sources */,
				9C18C07A29BB87E1008084E2 /* AddEditRegularMedsView.swift in Sources */,
				9C66875C29DC645C00AABD58 /* StoreModel.swift in Sources */,
				9CC529CE29BCBEA500DD5491 /* StatsView.swift in Sources */,
				9CF7308729ACD93800D91F99 /* ContentView.swift in Sources */,
				9C1983AA29B73DD2007754AB /* MainView.swift in Sources */,
				9C18C07829BB753C008084E2 /* MedicationLabelView.swift in Sources */,
				9CFCECD129D07447001656B5 /* HeadacheCompanion.xcdatamodeld in Sources */,
				9C682CEB29B3962D00032874 /* Extensions.swift in Sources */,
				9C1983AD29B7923D007754AB /* ClickedMedication.swift in Sources */,
				9C96928029B497520023A00C /* MultiSelectionView.swift in Sources */,
				9C4A398F29DD7FEE00C9EDA1 /* NewMedHistoryView.swift in Sources */,
			);
			runOnlyForDeploymentPostprocessing = 0;
		};
/* End PBXSourcesBuildPhase section */

/* Begin XCBuildConfiguration section */
		9CF7308E29ACD93800D91F99 /* Debug */ = {
			isa = XCBuildConfiguration;
			buildSettings = {
				ALWAYS_SEARCH_USER_PATHS = NO;
				CLANG_ANALYZER_NONNULL = YES;
				CLANG_ANALYZER_NUMBER_OBJECT_CONVERSION = YES_AGGRESSIVE;
				CLANG_CXX_LANGUAGE_STANDARD = "gnu++20";
				CLANG_ENABLE_MODULES = YES;
				CLANG_ENABLE_OBJC_ARC = YES;
				CLANG_ENABLE_OBJC_WEAK = YES;
				CLANG_WARN_BLOCK_CAPTURE_AUTORELEASING = YES;
				CLANG_WARN_BOOL_CONVERSION = YES;
				CLANG_WARN_COMMA = YES;
				CLANG_WARN_CONSTANT_CONVERSION = YES;
				CLANG_WARN_DEPRECATED_OBJC_IMPLEMENTATIONS = YES;
				CLANG_WARN_DIRECT_OBJC_ISA_USAGE = YES_ERROR;
				CLANG_WARN_DOCUMENTATION_COMMENTS = YES;
				CLANG_WARN_EMPTY_BODY = YES;
				CLANG_WARN_ENUM_CONVERSION = YES;
				CLANG_WARN_INFINITE_RECURSION = YES;
				CLANG_WARN_INT_CONVERSION = YES;
				CLANG_WARN_NON_LITERAL_NULL_CONVERSION = YES;
				CLANG_WARN_OBJC_IMPLICIT_RETAIN_SELF = YES;
				CLANG_WARN_OBJC_LITERAL_CONVERSION = YES;
				CLANG_WARN_OBJC_ROOT_CLASS = YES_ERROR;
				CLANG_WARN_QUOTED_INCLUDE_IN_FRAMEWORK_HEADER = YES;
				CLANG_WARN_RANGE_LOOP_ANALYSIS = YES;
				CLANG_WARN_STRICT_PROTOTYPES = YES;
				CLANG_WARN_SUSPICIOUS_MOVE = YES;
				CLANG_WARN_UNGUARDED_AVAILABILITY = YES_AGGRESSIVE;
				CLANG_WARN_UNREACHABLE_CODE = YES;
				CLANG_WARN__DUPLICATE_METHOD_MATCH = YES;
				COPY_PHASE_STRIP = NO;
				DEAD_CODE_STRIPPING = YES;
				DEBUG_INFORMATION_FORMAT = dwarf;
				ENABLE_STRICT_OBJC_MSGSEND = YES;
				ENABLE_TESTABILITY = YES;
				GCC_C_LANGUAGE_STANDARD = gnu11;
				GCC_DYNAMIC_NO_PIC = NO;
				GCC_NO_COMMON_BLOCKS = YES;
				GCC_OPTIMIZATION_LEVEL = 0;
				GCC_PREPROCESSOR_DEFINITIONS = (
					"DEBUG=1",
					"$(inherited)",
				);
				GCC_WARN_64_TO_32_BIT_CONVERSION = YES;
				GCC_WARN_ABOUT_RETURN_TYPE = YES_ERROR;
				GCC_WARN_UNDECLARED_SELECTOR = YES;
				GCC_WARN_UNINITIALIZED_AUTOS = YES_AGGRESSIVE;
				GCC_WARN_UNUSED_FUNCTION = YES;
				GCC_WARN_UNUSED_VARIABLE = YES;
				IPHONEOS_DEPLOYMENT_TARGET = 16.2;
				MACOSX_DEPLOYMENT_TARGET = 13.3;
				MTL_ENABLE_DEBUG_INFO = INCLUDE_SOURCE;
				MTL_FAST_MATH = YES;
				ONLY_ACTIVE_ARCH = YES;
				SWIFT_ACTIVE_COMPILATION_CONDITIONS = DEBUG;
				SWIFT_OPTIMIZATION_LEVEL = "-Onone";
			};
			name = Debug;
		};
		9CF7308F29ACD93800D91F99 /* Release */ = {
			isa = XCBuildConfiguration;
			buildSettings = {
				ALWAYS_SEARCH_USER_PATHS = NO;
				CLANG_ANALYZER_NONNULL = YES;
				CLANG_ANALYZER_NUMBER_OBJECT_CONVERSION = YES_AGGRESSIVE;
				CLANG_CXX_LANGUAGE_STANDARD = "gnu++20";
				CLANG_ENABLE_MODULES = YES;
				CLANG_ENABLE_OBJC_ARC = YES;
				CLANG_ENABLE_OBJC_WEAK = YES;
				CLANG_WARN_BLOCK_CAPTURE_AUTORELEASING = YES;
				CLANG_WARN_BOOL_CONVERSION = YES;
				CLANG_WARN_COMMA = YES;
				CLANG_WARN_CONSTANT_CONVERSION = YES;
				CLANG_WARN_DEPRECATED_OBJC_IMPLEMENTATIONS = YES;
				CLANG_WARN_DIRECT_OBJC_ISA_USAGE = YES_ERROR;
				CLANG_WARN_DOCUMENTATION_COMMENTS = YES;
				CLANG_WARN_EMPTY_BODY = YES;
				CLANG_WARN_ENUM_CONVERSION = YES;
				CLANG_WARN_INFINITE_RECURSION = YES;
				CLANG_WARN_INT_CONVERSION = YES;
				CLANG_WARN_NON_LITERAL_NULL_CONVERSION = YES;
				CLANG_WARN_OBJC_IMPLICIT_RETAIN_SELF = YES;
				CLANG_WARN_OBJC_LITERAL_CONVERSION = YES;
				CLANG_WARN_OBJC_ROOT_CLASS = YES_ERROR;
				CLANG_WARN_QUOTED_INCLUDE_IN_FRAMEWORK_HEADER = YES;
				CLANG_WARN_RANGE_LOOP_ANALYSIS = YES;
				CLANG_WARN_STRICT_PROTOTYPES = YES;
				CLANG_WARN_SUSPICIOUS_MOVE = YES;
				CLANG_WARN_UNGUARDED_AVAILABILITY = YES_AGGRESSIVE;
				CLANG_WARN_UNREACHABLE_CODE = YES;
				CLANG_WARN__DUPLICATE_METHOD_MATCH = YES;
				COPY_PHASE_STRIP = NO;
				DEAD_CODE_STRIPPING = YES;
				DEBUG_INFORMATION_FORMAT = "dwarf-with-dsym";
				ENABLE_NS_ASSERTIONS = NO;
				ENABLE_STRICT_OBJC_MSGSEND = YES;
				GCC_C_LANGUAGE_STANDARD = gnu11;
				GCC_NO_COMMON_BLOCKS = YES;
				GCC_WARN_64_TO_32_BIT_CONVERSION = YES;
				GCC_WARN_ABOUT_RETURN_TYPE = YES_ERROR;
				GCC_WARN_UNDECLARED_SELECTOR = YES;
				GCC_WARN_UNINITIALIZED_AUTOS = YES_AGGRESSIVE;
				GCC_WARN_UNUSED_FUNCTION = YES;
				GCC_WARN_UNUSED_VARIABLE = YES;
				IPHONEOS_DEPLOYMENT_TARGET = 16.2;
				MACOSX_DEPLOYMENT_TARGET = 13.3;
				MTL_ENABLE_DEBUG_INFO = NO;
				MTL_FAST_MATH = YES;
				SWIFT_COMPILATION_MODE = wholemodule;
				SWIFT_OPTIMIZATION_LEVEL = "-O";
			};
			name = Release;
		};
		9CF7309129ACD93800D91F99 /* Debug */ = {
			isa = XCBuildConfiguration;
			buildSettings = {
				ASSETCATALOG_COMPILER_APPICON_NAME = AppIcon;
				ASSETCATALOG_COMPILER_GLOBAL_ACCENT_COLOR_NAME = AccentColor;
				CODE_SIGN_ENTITLEMENTS = "Headache Companion/HeadacheCompanion.entitlements";
				"CODE_SIGN_IDENTITY[sdk=macosx*]" = "Apple Development";
				CODE_SIGN_STYLE = Automatic;
				CURRENT_PROJECT_VERSION = 11;
				DEAD_CODE_STRIPPING = YES;
				DEVELOPMENT_ASSET_PATHS = "\"Headache Companion/Preview Content\"";
				DEVELOPMENT_TEAM = Z5MKQX2NCZ;
				ENABLE_HARDENED_RUNTIME = YES;
				ENABLE_PREVIEWS = YES;
				GENERATE_INFOPLIST_FILE = YES;
				INFOPLIST_FILE = "Headache-Companion-Info.plist";
				INFOPLIST_KEY_CFBundleDisplayName = Companion;
				INFOPLIST_KEY_LSApplicationCategoryType = "public.app-category.healthcare-fitness";
				"INFOPLIST_KEY_UIApplicationSceneManifest_Generation[sdk=iphoneos*]" = YES;
				"INFOPLIST_KEY_UIApplicationSceneManifest_Generation[sdk=iphonesimulator*]" = YES;
				"INFOPLIST_KEY_UIApplicationSupportsIndirectInputEvents[sdk=iphoneos*]" = YES;
				"INFOPLIST_KEY_UIApplicationSupportsIndirectInputEvents[sdk=iphonesimulator*]" = YES;
				"INFOPLIST_KEY_UILaunchScreen_Generation[sdk=iphoneos*]" = YES;
				"INFOPLIST_KEY_UILaunchScreen_Generation[sdk=iphonesimulator*]" = YES;
				"INFOPLIST_KEY_UIStatusBarStyle[sdk=iphoneos*]" = UIStatusBarStyleDefault;
				"INFOPLIST_KEY_UIStatusBarStyle[sdk=iphonesimulator*]" = UIStatusBarStyleDefault;
				INFOPLIST_KEY_UISupportedInterfaceOrientations = "UIInterfaceOrientationLandscapeLeft UIInterfaceOrientationLandscapeRight UIInterfaceOrientationPortrait";
				INFOPLIST_KEY_UISupportedInterfaceOrientations_iPad = "UIInterfaceOrientationLandscapeLeft UIInterfaceOrientationLandscapeRight UIInterfaceOrientationPortrait UIInterfaceOrientationPortraitUpsideDown";
				IPHONEOS_DEPLOYMENT_TARGET = 16.2;
				LD_RUNPATH_SEARCH_PATHS = "@executable_path/Frameworks";
				"LD_RUNPATH_SEARCH_PATHS[sdk=macosx*]" = "@executable_path/../Frameworks";
				MACOSX_DEPLOYMENT_TARGET = 13.3;
				MARKETING_VERSION = 0.18;
				PRODUCT_BUNDLE_IDENTIFIER = com.lakoliu.headachecompanion;
				PRODUCT_NAME = "$(TARGET_NAME)";
				SDKROOT = auto;
				SUPPORTED_PLATFORMS = "iphoneos iphonesimulator macosx";
				SWIFT_EMIT_LOC_STRINGS = YES;
				SWIFT_VERSION = 5.0;
				TARGETED_DEVICE_FAMILY = "1,2";
			};
			name = Debug;
		};
		9CF7309229ACD93800D91F99 /* Release */ = {
			isa = XCBuildConfiguration;
			buildSettings = {
				ASSETCATALOG_COMPILER_APPICON_NAME = AppIcon;
				ASSETCATALOG_COMPILER_GLOBAL_ACCENT_COLOR_NAME = AccentColor;
				CODE_SIGN_ENTITLEMENTS = "Headache Companion/HeadacheCompanion.entitlements";
				"CODE_SIGN_IDENTITY[sdk=macosx*]" = "Apple Development";
				CODE_SIGN_STYLE = Automatic;
				CURRENT_PROJECT_VERSION = 11;
				DEAD_CODE_STRIPPING = YES;
				DEVELOPMENT_ASSET_PATHS = "\"Headache Companion/Preview Content\"";
				DEVELOPMENT_TEAM = Z5MKQX2NCZ;
				ENABLE_HARDENED_RUNTIME = YES;
				ENABLE_PREVIEWS = YES;
				GENERATE_INFOPLIST_FILE = YES;
				INFOPLIST_FILE = "Headache-Companion-Info.plist";
				INFOPLIST_KEY_CFBundleDisplayName = Companion;
				INFOPLIST_KEY_LSApplicationCategoryType = "public.app-category.healthcare-fitness";
				"INFOPLIST_KEY_UIApplicationSceneManifest_Generation[sdk=iphoneos*]" = YES;
				"INFOPLIST_KEY_UIApplicationSceneManifest_Generation[sdk=iphonesimulator*]" = YES;
				"INFOPLIST_KEY_UIApplicationSupportsIndirectInputEvents[sdk=iphoneos*]" = YES;
				"INFOPLIST_KEY_UIApplicationSupportsIndirectInputEvents[sdk=iphonesimulator*]" = YES;
				"INFOPLIST_KEY_UILaunchScreen_Generation[sdk=iphoneos*]" = YES;
				"INFOPLIST_KEY_UILaunchScreen_Generation[sdk=iphonesimulator*]" = YES;
				"INFOPLIST_KEY_UIStatusBarStyle[sdk=iphoneos*]" = UIStatusBarStyleDefault;
				"INFOPLIST_KEY_UIStatusBarStyle[sdk=iphonesimulator*]" = UIStatusBarStyleDefault;
				INFOPLIST_KEY_UISupportedInterfaceOrientations = "UIInterfaceOrientationLandscapeLeft UIInterfaceOrientationLandscapeRight UIInterfaceOrientationPortrait";
				INFOPLIST_KEY_UISupportedInterfaceOrientations_iPad = "UIInterfaceOrientationLandscapeLeft UIInterfaceOrientationLandscapeRight UIInterfaceOrientationPortrait UIInterfaceOrientationPortraitUpsideDown";
				IPHONEOS_DEPLOYMENT_TARGET = 16.2;
				LD_RUNPATH_SEARCH_PATHS = "@executable_path/Frameworks";
				"LD_RUNPATH_SEARCH_PATHS[sdk=macosx*]" = "@executable_path/../Frameworks";
				MACOSX_DEPLOYMENT_TARGET = 13.3;
				MARKETING_VERSION = 0.18;
				PRODUCT_BUNDLE_IDENTIFIER = com.lakoliu.headachecompanion;
				PRODUCT_NAME = "$(TARGET_NAME)";
				SDKROOT = auto;
				SUPPORTED_PLATFORMS = "iphoneos iphonesimulator macosx";
				SWIFT_EMIT_LOC_STRINGS = YES;
				SWIFT_VERSION = 5.0;
				TARGETED_DEVICE_FAMILY = "1,2";
			};
			name = Release;
		};
/* End XCBuildConfiguration section */

/* Begin XCConfigurationList section */
		9CF7307729ACD93700D91F99 /* Build configuration list for PBXProject "Headache Companion" */ = {
			isa = XCConfigurationList;
			buildConfigurations = (
				9CF7308E29ACD93800D91F99 /* Debug */,
				9CF7308F29ACD93800D91F99 /* Release */,
			);
			defaultConfigurationIsVisible = 0;
			defaultConfigurationName = Release;
		};
		9CF7309029ACD93800D91F99 /* Build configuration list for PBXNativeTarget "Headache Companion" */ = {
			isa = XCConfigurationList;
			buildConfigurations = (
				9CF7309129ACD93800D91F99 /* Debug */,
				9CF7309229ACD93800D91F99 /* Release */,
			);
			defaultConfigurationIsVisible = 0;
			defaultConfigurationName = Release;
		};
/* End XCConfigurationList section */

/* Begin XCVersionGroup section */
		9CFCECCF29D07447001656B5 /* HeadacheCompanion.xcdatamodeld */ = {
			isa = XCVersionGroup;
			children = (
				9CFCECD029D07447001656B5 /* HeadacheCompanion.xcdatamodel */,
			);
			currentVersion = 9CFCECD029D07447001656B5 /* HeadacheCompanion.xcdatamodel */;
			path = HeadacheCompanion.xcdatamodeld;
			sourceTree = "<group>";
			versionGroupType = wrapper.xcdatamodel;
		};
/* End XCVersionGroup section */
	};
	rootObject = 9CF7307429ACD93700D91F99 /* Project object */;
}
